
Microsoft Visual Studio Solution File, Format Version 12.00
# Visual Studio 15
VisualStudioVersion = 15.0.27703.2042
MinimumVisualStudioVersion = 10.0.40219.1
Project("{FAE04EC0-301F-11D3-BF4B-00C04F79EFBC}") = "Mobile.Android", "Mobile\Mobile.Android\Mobile.Android.csproj", "{B280F6BA-0C55-4BD3-883B-87A20183DD7C}"
EndProject
Project("{FAE04EC0-301F-11D3-BF4B-00C04F79EFBC}") = "Mobile.iOS", "Mobile\Mobile.iOS\Mobile.iOS.csproj", "{029BB058-6D91-4F80-B3EB-C886E0A08C4A}"
EndProject
Project("{FAE04EC0-301F-11D3-BF4B-00C04F79EFBC}") = "Mobile.UWP", "Mobile\Mobile.UWP\Mobile.UWP.csproj", "{34160974-FF5D-411F-A08D-CF20905370F9}"
EndProject
Project("{D954291E-2A0B-460D-934E-DC6B0785DB48}") = "Mobile", "Mobile\Mobile\Mobile.shproj", "{F989C262-A69B-452A-BFF4-9FA788FC0B70}"
EndProject
Global
	GlobalSection(SharedMSBuildProjectFiles) = preSolution
		Mobile\Mobile\Mobile.projitems*{029bb058-6d91-4f80-b3eb-c886e0a08c4a}*SharedItemsImports = 4
		Mobile\Mobile\Mobile.projitems*{34160974-ff5d-411f-a08d-cf20905370f9}*SharedItemsImports = 4
		Mobile\Mobile\Mobile.projitems*{b280f6ba-0c55-4bd3-883b-87a20183dd7c}*SharedItemsImports = 4
		Mobile\Mobile\Mobile.projitems*{f989c262-a69b-452a-bff4-9fa788fc0b70}*SharedItemsImports = 13
	EndGlobalSection
	GlobalSection(SolutionConfigurationPlatforms) = preSolution
		Ad-Hoc|Any CPU = Ad-Hoc|Any CPU
		Ad-Hoc|ARM = Ad-Hoc|ARM
		Ad-Hoc|iPhone = Ad-Hoc|iPhone
		Ad-Hoc|iPhoneSimulator = Ad-Hoc|iPhoneSimulator
		Ad-Hoc|x64 = Ad-Hoc|x64
		Ad-Hoc|x86 = Ad-Hoc|x86
		AppStore|Any CPU = AppStore|Any CPU
		AppStore|ARM = AppStore|ARM
		AppStore|iPhone = AppStore|iPhone
		AppStore|iPhoneSimulator = AppStore|iPhoneSimulator
		AppStore|x64 = AppStore|x64
		AppStore|x86 = AppStore|x86
		Debug|Any CPU = Debug|Any CPU
		Debug|ARM = Debug|ARM
		Debug|iPhone = Debug|iPhone
		Debug|iPhoneSimulator = Debug|iPhoneSimulator
		Debug|x64 = Debug|x64
		Debug|x86 = Debug|x86
		Release|Any CPU = Release|Any CPU
		Release|ARM = Release|ARM
		Release|iPhone = Release|iPhone
		Release|iPhoneSimulator = Release|iPhoneSimulator
		Release|x64 = Release|x64
		Release|x86 = Release|x86
	EndGlobalSection
	GlobalSection(ProjectConfigurationPlatforms) = postSolution
		{B280F6BA-0C55-4BD3-883B-87A20183DD7C}.Ad-Hoc|Any CPU.ActiveCfg = Release|Any CPU
		{B280F6BA-0C55-4BD3-883B-87A20183DD7C}.Ad-Hoc|Any CPU.Build.0 = Release|Any CPU
		{B280F6BA-0C55-4BD3-883B-87A20183DD7C}.Ad-Hoc|Any CPU.Deploy.0 = Release|Any CPU
		{B280F6BA-0C55-4BD3-883B-87A20183DD7C}.Ad-Hoc|ARM.ActiveCfg = Release|Any CPU
		{B280F6BA-0C55-4BD3-883B-87A20183DD7C}.Ad-Hoc|ARM.Build.0 = Release|Any CPU
		{B280F6BA-0C55-4BD3-883B-87A20183DD7C}.Ad-Hoc|ARM.Deploy.0 = Release|Any CPU
		{B280F6BA-0C55-4BD3-883B-87A20183DD7C}.Ad-Hoc|iPhone.ActiveCfg = Release|Any CPU
		{B280F6BA-0C55-4BD3-883B-87A20183DD7C}.Ad-Hoc|iPhone.Build.0 = Release|Any CPU
		{B280F6BA-0C55-4BD3-883B-87A20183DD7C}.Ad-Hoc|iPhone.Deploy.0 = Release|Any CPU
		{B280F6BA-0C55-4BD3-883B-87A20183DD7C}.Ad-Hoc|iPhoneSimulator.ActiveCfg = Release|Any CPU
		{B280F6BA-0C55-4BD3-883B-87A20183DD7C}.Ad-Hoc|iPhoneSimulator.Build.0 = Release|Any CPU
		{B280F6BA-0C55-4BD3-883B-87A20183DD7C}.Ad-Hoc|iPhoneSimulator.Deploy.0 = Release|Any CPU
		{B280F6BA-0C55-4BD3-883B-87A20183DD7C}.Ad-Hoc|x64.ActiveCfg = Release|Any CPU
		{B280F6BA-0C55-4BD3-883B-87A20183DD7C}.Ad-Hoc|x64.Build.0 = Release|Any CPU
		{B280F6BA-0C55-4BD3-883B-87A20183DD7C}.Ad-Hoc|x64.Deploy.0 = Release|Any CPU
		{B280F6BA-0C55-4BD3-883B-87A20183DD7C}.Ad-Hoc|x86.ActiveCfg = Release|Any CPU
		{B280F6BA-0C55-4BD3-883B-87A20183DD7C}.Ad-Hoc|x86.Build.0 = Release|Any CPU
		{B280F6BA-0C55-4BD3-883B-87A20183DD7C}.Ad-Hoc|x86.Deploy.0 = Release|Any CPU
		{B280F6BA-0C55-4BD3-883B-87A20183DD7C}.AppStore|Any CPU.ActiveCfg = Release|Any CPU
		{B280F6BA-0C55-4BD3-883B-87A20183DD7C}.AppStore|Any CPU.Build.0 = Release|Any CPU
		{B280F6BA-0C55-4BD3-883B-87A20183DD7C}.AppStore|Any CPU.Deploy.0 = Release|Any CPU
		{B280F6BA-0C55-4BD3-883B-87A20183DD7C}.AppStore|ARM.ActiveCfg = Release|Any CPU
		{B280F6BA-0C55-4BD3-883B-87A20183DD7C}.AppStore|ARM.Build.0 = Release|Any CPU
		{B280F6BA-0C55-4BD3-883B-87A20183DD7C}.AppStore|ARM.Deploy.0 = Release|Any CPU
		{B280F6BA-0C55-4BD3-883B-87A20183DD7C}.AppStore|iPhone.ActiveCfg = Release|Any CPU
		{B280F6BA-0C55-4BD3-883B-87A20183DD7C}.AppStore|iPhone.Build.0 = Release|Any CPU
		{B280F6BA-0C55-4BD3-883B-87A20183DD7C}.AppStore|iPhone.Deploy.0 = Release|Any CPU
		{B280F6BA-0C55-4BD3-883B-87A20183DD7C}.AppStore|iPhoneSimulator.ActiveCfg = Release|Any CPU
		{B280F6BA-0C55-4BD3-883B-87A20183DD7C}.AppStore|iPhoneSimulator.Build.0 = Release|Any CPU
		{B280F6BA-0C55-4BD3-883B-87A20183DD7C}.AppStore|iPhoneSimulator.Deploy.0 = Release|Any CPU
		{B280F6BA-0C55-4BD3-883B-87A20183DD7C}.AppStore|x64.ActiveCfg = Release|Any CPU
		{B280F6BA-0C55-4BD3-883B-87A20183DD7C}.AppStore|x64.Build.0 = Release|Any CPU
		{B280F6BA-0C55-4BD3-883B-87A20183DD7C}.AppStore|x64.Deploy.0 = Release|Any CPU
		{B280F6BA-0C55-4BD3-883B-87A20183DD7C}.AppStore|x86.ActiveCfg = Release|Any CPU
		{B280F6BA-0C55-4BD3-883B-87A20183DD7C}.AppStore|x86.Build.0 = Release|Any CPU
		{B280F6BA-0C55-4BD3-883B-87A20183DD7C}.AppStore|x86.Deploy.0 = Release|Any CPU
		{B280F6BA-0C55-4BD3-883B-87A20183DD7C}.Debug|Any CPU.ActiveCfg = Debug|Any CPU
		{B280F6BA-0C55-4BD3-883B-87A20183DD7C}.Debug|Any CPU.Build.0 = Debug|Any CPU
		{B280F6BA-0C55-4BD3-883B-87A20183DD7C}.Debug|Any CPU.Deploy.0 = Debug|Any CPU
		{B280F6BA-0C55-4BD3-883B-87A20183DD7C}.Debug|ARM.ActiveCfg = Debug|Any CPU
		{B280F6BA-0C55-4BD3-883B-87A20183DD7C}.Debug|ARM.Build.0 = Debug|Any CPU
		{B280F6BA-0C55-4BD3-883B-87A20183DD7C}.Debug|ARM.Deploy.0 = Debug|Any CPU
		{B280F6BA-0C55-4BD3-883B-87A20183DD7C}.Debug|iPhone.ActiveCfg = Debug|Any CPU
		{B280F6BA-0C55-4BD3-883B-87A20183DD7C}.Debug|iPhone.Build.0 = Debug|Any CPU
		{B280F6BA-0C55-4BD3-883B-87A20183DD7C}.Debug|iPhone.Deploy.0 = Debug|Any CPU
		{B280F6BA-0C55-4BD3-883B-87A20183DD7C}.Debug|iPhoneSimulator.ActiveCfg = Debug|Any CPU
		{B280F6BA-0C55-4BD3-883B-87A20183DD7C}.Debug|iPhoneSimulator.Build.0 = Debug|Any CPU
		{B280F6BA-0C55-4BD3-883B-87A20183DD7C}.Debug|iPhoneSimulator.Deploy.0 = Debug|Any CPU
		{B280F6BA-0C55-4BD3-883B-87A20183DD7C}.Debug|x64.ActiveCfg = Debug|Any CPU
		{B280F6BA-0C55-4BD3-883B-87A20183DD7C}.Debug|x64.Build.0 = Debug|Any CPU
		{B280F6BA-0C55-4BD3-883B-87A20183DD7C}.Debug|x64.Deploy.0 = Debug|Any CPU
		{B280F6BA-0C55-4BD3-883B-87A20183DD7C}.Debug|x86.ActiveCfg = Debug|Any CPU
		{B280F6BA-0C55-4BD3-883B-87A20183DD7C}.Debug|x86.Build.0 = Debug|Any CPU
		{B280F6BA-0C55-4BD3-883B-87A20183DD7C}.Debug|x86.Deploy.0 = Debug|Any CPU
		{B280F6BA-0C55-4BD3-883B-87A20183DD7C}.Release|Any CPU.ActiveCfg = Release|Any CPU
		{B280F6BA-0C55-4BD3-883B-87A20183DD7C}.Release|Any CPU.Build.0 = Release|Any CPU
		{B280F6BA-0C55-4BD3-883B-87A20183DD7C}.Release|Any CPU.Deploy.0 = Release|Any CPU
		{B280F6BA-0C55-4BD3-883B-87A20183DD7C}.Release|ARM.ActiveCfg = Release|Any CPU
		{B280F6BA-0C55-4BD3-883B-87A20183DD7C}.Release|ARM.Build.0 = Release|Any CPU
		{B280F6BA-0C55-4BD3-883B-87A20183DD7C}.Release|ARM.Deploy.0 = Release|Any CPU
		{B280F6BA-0C55-4BD3-883B-87A20183DD7C}.Release|iPhone.ActiveCfg = Release|Any CPU
		{B280F6BA-0C55-4BD3-883B-87A20183DD7C}.Release|iPhone.Build.0 = Release|Any CPU
		{B280F6BA-0C55-4BD3-883B-87A20183DD7C}.Release|iPhone.Deploy.0 = Release|Any CPU
		{B280F6BA-0C55-4BD3-883B-87A20183DD7C}.Release|iPhoneSimulator.ActiveCfg = Release|Any CPU
		{B280F6BA-0C55-4BD3-883B-87A20183DD7C}.Release|iPhoneSimulator.Build.0 = Release|Any CPU
		{B280F6BA-0C55-4BD3-883B-87A20183DD7C}.Release|iPhoneSimulator.Deploy.0 = Release|Any CPU
		{B280F6BA-0C55-4BD3-883B-87A20183DD7C}.Release|x64.ActiveCfg = Release|Any CPU
		{B280F6BA-0C55-4BD3-883B-87A20183DD7C}.Release|x64.Build.0 = Release|Any CPU
		{B280F6BA-0C55-4BD3-883B-87A20183DD7C}.Release|x64.Deploy.0 = Release|Any CPU
		{B280F6BA-0C55-4BD3-883B-87A20183DD7C}.Release|x86.ActiveCfg = Release|Any CPU
		{B280F6BA-0C55-4BD3-883B-87A20183DD7C}.Release|x86.Build.0 = Release|Any CPU
		{B280F6BA-0C55-4BD3-883B-87A20183DD7C}.Release|x86.Deploy.0 = Release|Any CPU
		{029BB058-6D91-4F80-B3EB-C886E0A08C4A}.Ad-Hoc|Any CPU.ActiveCfg = Ad-Hoc|iPhone
		{029BB058-6D91-4F80-B3EB-C886E0A08C4A}.Ad-Hoc|Any CPU.Build.0 = Ad-Hoc|iPhone
		{029BB058-6D91-4F80-B3EB-C886E0A08C4A}.Ad-Hoc|Any CPU.Deploy.0 = Ad-Hoc|iPhone
		{029BB058-6D91-4F80-B3EB-C886E0A08C4A}.Ad-Hoc|ARM.ActiveCfg = Ad-Hoc|iPhone
		{029BB058-6D91-4F80-B3EB-C886E0A08C4A}.Ad-Hoc|ARM.Build.0 = Ad-Hoc|iPhone
		{029BB058-6D91-4F80-B3EB-C886E0A08C4A}.Ad-Hoc|ARM.Deploy.0 = Ad-Hoc|iPhone
		{029BB058-6D91-4F80-B3EB-C886E0A08C4A}.Ad-Hoc|iPhone.ActiveCfg = Ad-Hoc|iPhone
		{029BB058-6D91-4F80-B3EB-C886E0A08C4A}.Ad-Hoc|iPhone.Build.0 = Ad-Hoc|iPhone
		{029BB058-6D91-4F80-B3EB-C886E0A08C4A}.Ad-Hoc|iPhone.Deploy.0 = Ad-Hoc|iPhone
		{029BB058-6D91-4F80-B3EB-C886E0A08C4A}.Ad-Hoc|iPhoneSimulator.ActiveCfg = Ad-Hoc|iPhoneSimulator
		{029BB058-6D91-4F80-B3EB-C886E0A08C4A}.Ad-Hoc|iPhoneSimulator.Build.0 = Ad-Hoc|iPhoneSimulator
		{029BB058-6D91-4F80-B3EB-C886E0A08C4A}.Ad-Hoc|iPhoneSimulator.Deploy.0 = Ad-Hoc|iPhoneSimulator
		{029BB058-6D91-4F80-B3EB-C886E0A08C4A}.Ad-Hoc|x64.ActiveCfg = Ad-Hoc|iPhone
		{029BB058-6D91-4F80-B3EB-C886E0A08C4A}.Ad-Hoc|x64.Build.0 = Ad-Hoc|iPhone
		{029BB058-6D91-4F80-B3EB-C886E0A08C4A}.Ad-Hoc|x64.Deploy.0 = Ad-Hoc|iPhone
		{029BB058-6D91-4F80-B3EB-C886E0A08C4A}.Ad-Hoc|x86.ActiveCfg = Ad-Hoc|iPhone
		{029BB058-6D91-4F80-B3EB-C886E0A08C4A}.Ad-Hoc|x86.Build.0 = Ad-Hoc|iPhone
		{029BB058-6D91-4F80-B3EB-C886E0A08C4A}.Ad-Hoc|x86.Deploy.0 = Ad-Hoc|iPhone
		{029BB058-6D91-4F80-B3EB-C886E0A08C4A}.AppStore|Any CPU.ActiveCfg = AppStore|iPhone
		{029BB058-6D91-4F80-B3EB-C886E0A08C4A}.AppStore|Any CPU.Build.0 = AppStore|iPhone
		{029BB058-6D91-4F80-B3EB-C886E0A08C4A}.AppStore|Any CPU.Deploy.0 = AppStore|iPhone
		{029BB058-6D91-4F80-B3EB-C886E0A08C4A}.AppStore|ARM.ActiveCfg = AppStore|iPhone
		{029BB058-6D91-4F80-B3EB-C886E0A08C4A}.AppStore|ARM.Build.0 = AppStore|iPhone
		{029BB058-6D91-4F80-B3EB-C886E0A08C4A}.AppStore|ARM.Deploy.0 = AppStore|iPhone
		{029BB058-6D91-4F80-B3EB-C886E0A08C4A}.AppStore|iPhone.ActiveCfg = AppStore|iPhone
		{029BB058-6D91-4F80-B3EB-C886E0A08C4A}.AppStore|iPhone.Build.0 = AppStore|iPhone
		{029BB058-6D91-4F80-B3EB-C886E0A08C4A}.AppStore|iPhone.Deploy.0 = AppStore|iPhone
		{029BB058-6D91-4F80-B3EB-C886E0A08C4A}.AppStore|iPhoneSimulator.ActiveCfg = AppStore|iPhoneSimulator
		{029BB058-6D91-4F80-B3EB-C886E0A08C4A}.AppStore|iPhoneSimulator.Build.0 = AppStore|iPhoneSimulator
		{029BB058-6D91-4F80-B3EB-C886E0A08C4A}.AppStore|iPhoneSimulator.Deploy.0 = AppStore|iPhoneSimulator
		{029BB058-6D91-4F80-B3EB-C886E0A08C4A}.AppStore|x64.ActiveCfg = AppStore|iPhone
		{029BB058-6D91-4F80-B3EB-C886E0A08C4A}.AppStore|x64.Build.0 = AppStore|iPhone
		{029BB058-6D91-4F80-B3EB-C886E0A08C4A}.AppStore|x64.Deploy.0 = AppStore|iPhone
		{029BB058-6D91-4F80-B3EB-C886E0A08C4A}.AppStore|x86.ActiveCfg = AppStore|iPhone
		{029BB058-6D91-4F80-B3EB-C886E0A08C4A}.AppStore|x86.Build.0 = AppStore|iPhone
		{029BB058-6D91-4F80-B3EB-C886E0A08C4A}.AppStore|x86.Deploy.0 = AppStore|iPhone
		{029BB058-6D91-4F80-B3EB-C886E0A08C4A}.Debug|Any CPU.ActiveCfg = Debug|iPhoneSimulator
		{029BB058-6D91-4F80-B3EB-C886E0A08C4A}.Debug|Any CPU.Build.0 = Debug|iPhoneSimulator
		{029BB058-6D91-4F80-B3EB-C886E0A08C4A}.Debug|Any CPU.Deploy.0 = Debug|iPhoneSimulator
		{029BB058-6D91-4F80-B3EB-C886E0A08C4A}.Debug|ARM.ActiveCfg = Debug|iPhone
		{029BB058-6D91-4F80-B3EB-C886E0A08C4A}.Debug|ARM.Build.0 = Debug|iPhone
		{029BB058-6D91-4F80-B3EB-C886E0A08C4A}.Debug|ARM.Deploy.0 = Debug|iPhone
		{029BB058-6D91-4F80-B3EB-C886E0A08C4A}.Debug|iPhone.ActiveCfg = Debug|iPhone
		{029BB058-6D91-4F80-B3EB-C886E0A08C4A}.Debug|iPhone.Build.0 = Debug|iPhone
		{029BB058-6D91-4F80-B3EB-C886E0A08C4A}.Debug|iPhone.Deploy.0 = Debug|iPhone
		{029BB058-6D91-4F80-B3EB-C886E0A08C4A}.Debug|iPhoneSimulator.ActiveCfg = Debug|iPhoneSimulator
		{029BB058-6D91-4F80-B3EB-C886E0A08C4A}.Debug|iPhoneSimulator.Build.0 = Debug|iPhoneSimulator
		{029BB058-6D91-4F80-B3EB-C886E0A08C4A}.Debug|iPhoneSimulator.Deploy.0 = Debug|iPhoneSimulator
		{029BB058-6D91-4F80-B3EB-C886E0A08C4A}.Debug|x64.ActiveCfg = Debug|iPhone
		{029BB058-6D91-4F80-B3EB-C886E0A08C4A}.Debug|x64.Build.0 = Debug|iPhone
		{029BB058-6D91-4F80-B3EB-C886E0A08C4A}.Debug|x64.Deploy.0 = Debug|iPhone
		{029BB058-6D91-4F80-B3EB-C886E0A08C4A}.Debug|x86.ActiveCfg = Debug|iPhone
		{029BB058-6D91-4F80-B3EB-C886E0A08C4A}.Debug|x86.Build.0 = Debug|iPhone
		{029BB058-6D91-4F80-B3EB-C886E0A08C4A}.Debug|x86.Deploy.0 = Debug|iPhone
		{029BB058-6D91-4F80-B3EB-C886E0A08C4A}.Release|Any CPU.ActiveCfg = Release|iPhone
		{029BB058-6D91-4F80-B3EB-C886E0A08C4A}.Release|Any CPU.Build.0 = Release|iPhone
		{029BB058-6D91-4F80-B3EB-C886E0A08C4A}.Release|Any CPU.Deploy.0 = Release|iPhone
		{029BB058-6D91-4F80-B3EB-C886E0A08C4A}.Release|ARM.ActiveCfg = Release|iPhone
		{029BB058-6D91-4F80-B3EB-C886E0A08C4A}.Release|ARM.Build.0 = Release|iPhone
		{029BB058-6D91-4F80-B3EB-C886E0A08C4A}.Release|ARM.Deploy.0 = Release|iPhone
		{029BB058-6D91-4F80-B3EB-C886E0A08C4A}.Release|iPhone.ActiveCfg = Release|iPhone
		{029BB058-6D91-4F80-B3EB-C886E0A08C4A}.Release|iPhone.Build.0 = Release|iPhone
		{029BB058-6D91-4F80-B3EB-C886E0A08C4A}.Release|iPhone.Deploy.0 = Release|iPhone
		{029BB058-6D91-4F80-B3EB-C886E0A08C4A}.Release|iPhoneSimulator.ActiveCfg = Release|iPhoneSimulator
		{029BB058-6D91-4F80-B3EB-C886E0A08C4A}.Release|iPhoneSimulator.Build.0 = Release|iPhoneSimulator
		{029BB058-6D91-4F80-B3EB-C886E0A08C4A}.Release|iPhoneSimulator.Deploy.0 = Release|iPhoneSimulator
		{029BB058-6D91-4F80-B3EB-C886E0A08C4A}.Release|x64.ActiveCfg = Release|iPhone
		{029BB058-6D91-4F80-B3EB-C886E0A08C4A}.Release|x64.Build.0 = Release|iPhone
		{029BB058-6D91-4F80-B3EB-C886E0A08C4A}.Release|x64.Deploy.0 = Release|iPhone
		{029BB058-6D91-4F80-B3EB-C886E0A08C4A}.Release|x86.ActiveCfg = Release|iPhone
		{029BB058-6D91-4F80-B3EB-C886E0A08C4A}.Release|x86.Build.0 = Release|iPhone
		{029BB058-6D91-4F80-B3EB-C886E0A08C4A}.Release|x86.Deploy.0 = Release|iPhone
		{34160974-FF5D-411F-A08D-CF20905370F9}.Ad-Hoc|Any CPU.ActiveCfg = Release|x86
		{34160974-FF5D-411F-A08D-CF20905370F9}.Ad-Hoc|Any CPU.Build.0 = Release|x86
		{34160974-FF5D-411F-A08D-CF20905370F9}.Ad-Hoc|Any CPU.Deploy.0 = Release|x86
		{34160974-FF5D-411F-A08D-CF20905370F9}.Ad-Hoc|ARM.ActiveCfg = Release|ARM
		{34160974-FF5D-411F-A08D-CF20905370F9}.Ad-Hoc|ARM.Build.0 = Release|ARM
		{34160974-FF5D-411F-A08D-CF20905370F9}.Ad-Hoc|ARM.Deploy.0 = Release|ARM
		{34160974-FF5D-411F-A08D-CF20905370F9}.Ad-Hoc|iPhone.ActiveCfg = Release|x86
		{34160974-FF5D-411F-A08D-CF20905370F9}.Ad-Hoc|iPhone.Build.0 = Release|x86
		{34160974-FF5D-411F-A08D-CF20905370F9}.Ad-Hoc|iPhone.Deploy.0 = Release|x86
		{34160974-FF5D-411F-A08D-CF20905370F9}.Ad-Hoc|iPhoneSimulator.ActiveCfg = Release|x86
		{34160974-FF5D-411F-A08D-CF20905370F9}.Ad-Hoc|iPhoneSimulator.Build.0 = Release|x86
		{34160974-FF5D-411F-A08D-CF20905370F9}.Ad-Hoc|iPhoneSimulator.Deploy.0 = Release|x86
		{34160974-FF5D-411F-A08D-CF20905370F9}.Ad-Hoc|x64.ActiveCfg = Release|x64
		{34160974-FF5D-411F-A08D-CF20905370F9}.Ad-Hoc|x64.Build.0 = Release|x64
		{34160974-FF5D-411F-A08D-CF20905370F9}.Ad-Hoc|x64.Deploy.0 = Release|x64
		{34160974-FF5D-411F-A08D-CF20905370F9}.Ad-Hoc|x86.ActiveCfg = Release|x86
		{34160974-FF5D-411F-A08D-CF20905370F9}.Ad-Hoc|x86.Build.0 = Release|x86
		{34160974-FF5D-411F-A08D-CF20905370F9}.Ad-Hoc|x86.Deploy.0 = Release|x86
		{34160974-FF5D-411F-A08D-CF20905370F9}.AppStore|Any CPU.ActiveCfg = Release|x86
		{34160974-FF5D-411F-A08D-CF20905370F9}.AppStore|Any CPU.Build.0 = Release|x86
		{34160974-FF5D-411F-A08D-CF20905370F9}.AppStore|Any CPU.Deploy.0 = Release|x86
		{34160974-FF5D-411F-A08D-CF20905370F9}.AppStore|ARM.ActiveCfg = Release|ARM
		{34160974-FF5D-411F-A08D-CF20905370F9}.AppStore|ARM.Build.0 = Release|ARM
		{34160974-FF5D-411F-A08D-CF20905370F9}.AppStore|ARM.Deploy.0 = Release|ARM
		{34160974-FF5D-411F-A08D-CF20905370F9}.AppStore|iPhone.ActiveCfg = Release|x86
		{34160974-FF5D-411F-A08D-CF20905370F9}.AppStore|iPhone.Build.0 = Release|x86
		{34160974-FF5D-411F-A08D-CF20905370F9}.AppStore|iPhone.Deploy.0 = Release|x86
		{34160974-FF5D-411F-A08D-CF20905370F9}.AppStore|iPhoneSimulator.ActiveCfg = Release|x86
		{34160974-FF5D-411F-A08D-CF20905370F9}.AppStore|iPhoneSimulator.Build.0 = Release|x86
		{34160974-FF5D-411F-A08D-CF20905370F9}.AppStore|iPhoneSimulator.Deploy.0 = Release|x86
		{34160974-FF5D-411F-A08D-CF20905370F9}.AppStore|x64.ActiveCfg = Release|x64
		{34160974-FF5D-411F-A08D-CF20905370F9}.AppStore|x64.Build.0 = Release|x64
		{34160974-FF5D-411F-A08D-CF20905370F9}.AppStore|x64.Deploy.0 = Release|x64
		{34160974-FF5D-411F-A08D-CF20905370F9}.AppStore|x86.ActiveCfg = Release|x86
		{34160974-FF5D-411F-A08D-CF20905370F9}.AppStore|x86.Build.0 = Release|x86
		{34160974-FF5D-411F-A08D-CF20905370F9}.AppStore|x86.Deploy.0 = Release|x86
		{34160974-FF5D-411F-A08D-CF20905370F9}.Debug|Any CPU.ActiveCfg = Debug|x86
		{34160974-FF5D-411F-A08D-CF20905370F9}.Debug|Any CPU.Build.0 = Debug|x86
		{34160974-FF5D-411F-A08D-CF20905370F9}.Debug|Any CPU.Deploy.0 = Debug|x86
		{34160974-FF5D-411F-A08D-CF20905370F9}.Debug|ARM.ActiveCfg = Debug|ARM
		{34160974-FF5D-411F-A08D-CF20905370F9}.Debug|ARM.Build.0 = Debug|ARM
		{34160974-FF5D-411F-A08D-CF20905370F9}.Debug|ARM.Deploy.0 = Debug|ARM
		{34160974-FF5D-411F-A08D-CF20905370F9}.Debug|iPhone.ActiveCfg = Debug|x86
		{34160974-FF5D-411F-A08D-CF20905370F9}.Debug|iPhone.Build.0 = Debug|x86
		{34160974-FF5D-411F-A08D-CF20905370F9}.Debug|iPhone.Deploy.0 = Debug|x86
		{34160974-FF5D-411F-A08D-CF20905370F9}.Debug|iPhoneSimulator.ActiveCfg = Debug|x86
		{34160974-FF5D-411F-A08D-CF20905370F9}.Debug|iPhoneSimulator.Build.0 = Debug|x86
		{34160974-FF5D-411F-A08D-CF20905370F9}.Debug|iPhoneSimulator.Deploy.0 = Debug|x86
		{34160974-FF5D-411F-A08D-CF20905370F9}.Debug|x64.ActiveCfg = Debug|x64
		{34160974-FF5D-411F-A08D-CF20905370F9}.Debug|x64.Build.0 = Debug|x64
		{34160974-FF5D-411F-A08D-CF20905370F9}.Debug|x64.Deploy.0 = Debug|x64
		{34160974-FF5D-411F-A08D-CF20905370F9}.Debug|x86.ActiveCfg = Debug|x86
		{34160974-FF5D-411F-A08D-CF20905370F9}.Debug|x86.Build.0 = Debug|x86
		{34160974-FF5D-411F-A08D-CF20905370F9}.Debug|x86.Deploy.0 = Debug|x86
		{34160974-FF5D-411F-A08D-CF20905370F9}.Release|Any CPU.ActiveCfg = Release|x86
		{34160974-FF5D-411F-A08D-CF20905370F9}.Release|Any CPU.Build.0 = Release|x86
		{34160974-FF5D-411F-A08D-CF20905370F9}.Release|Any CPU.Deploy.0 = Release|x86
		{34160974-FF5D-411F-A08D-CF20905370F9}.Release|ARM.ActiveCfg = Release|ARM
		{34160974-FF5D-411F-A08D-CF20905370F9}.Release|ARM.Build.0 = Release|ARM
		{34160974-FF5D-411F-A08D-CF20905370F9}.Release|ARM.Deploy.0 = Release|ARM
		{34160974-FF5D-411F-A08D-CF20905370F9}.Release|iPhone.ActiveCfg = Release|x86
		{34160974-FF5D-411F-A08D-CF20905370F9}.Release|iPhone.Build.0 = Release|x86
		{34160974-FF5D-411F-A08D-CF20905370F9}.Release|iPhone.Deploy.0 = Release|x86
		{34160974-FF5D-411F-A08D-CF20905370F9}.Release|iPhoneSimulator.ActiveCfg = Release|x86
		{34160974-FF5D-411F-A08D-CF20905370F9}.Release|iPhoneSimulator.Build.0 = Release|x86
		{34160974-FF5D-411F-A08D-CF20905370F9}.Release|iPhoneSimulator.Deploy.0 = Release|x86
		{34160974-FF5D-411F-A08D-CF20905370F9}.Release|x64.ActiveCfg = Release|x64
		{34160974-FF5D-411F-A08D-CF20905370F9}.Release|x64.Build.0 = Release|x64
		{34160974-FF5D-411F-A08D-CF20905370F9}.Release|x64.Deploy.0 = Release|x64
		{34160974-FF5D-411F-A08D-CF20905370F9}.Release|x86.ActiveCfg = Release|x86
		{34160974-FF5D-411F-A08D-CF20905370F9}.Release|x86.Build.0 = Release|x86
		{34160974-FF5D-411F-A08D-CF20905370F9}.Release|x86.Deploy.0 = Release|x86
	EndGlobalSection
	GlobalSection(SolutionProperties) = preSolution
		HideSolutionNode = FALSE
	EndGlobalSection
	GlobalSection(ExtensibilityGlobals) = postSolution
		SolutionGuid = {D3BF310B-96E3-4F7F-8C1A-BA965B8F8CED}
	EndGlobalSection
EndGlobal
